
Microsoft Visual Studio Solution File, Format Version 12.00
# Visual Studio 15
VisualStudioVersion = 15.0.26403.7
MinimumVisualStudioVersion = 10.0.40219.1
Project("{2150E333-8FDC-42A3-9474-1A3956D46DE8}") = "src", "src", "{A679CB16-0C2B-4124-B435-F7308E8068DB}"
EndProject
Project("{2150E333-8FDC-42A3-9474-1A3956D46DE8}") = "tests", "tests", "{B1A7CD74-90A3-4FB4-87CA-2F24D6725CDD}"
EndProject
Project("{9A19103F-16F7-4668-BE54-9A1E7A4F7556}") = "GladLive.ModuleService.ASP", "src\GladLive.ModuleService.ASP\GladLive.ModuleService.ASP.csproj", "{95F31123-9387-4003-A464-3881D5E1940A}"
EndProject
Global
	GlobalSection(SolutionConfigurationPlatforms) = preSolution
		Debug|Any CPU = Debug|Any CPU
		Release|Any CPU = Release|Any CPU
	EndGlobalSection
	GlobalSection(ProjectConfigurationPlatforms) = postSolution
		{95F31123-9387-4003-A464-3881D5E1940A}.Debug|Any CPU.ActiveCfg = Debug|Any CPU
		{95F31123-9387-4003-A464-3881D5E1940A}.Debug|Any CPU.Build.0 = Debug|Any CPU
		{95F31123-9387-4003-A464-3881D5E1940A}.Release|Any CPU.ActiveCfg = Release|Any CPU
		{95F31123-9387-4003-A464-3881D5E1940A}.Release|Any CPU.Build.0 = Release|Any CPU
	EndGlobalSection
	GlobalSection(SolutionProperties) = preSolution
		HideSolutionNode = FALSE
	EndGlobalSection
	GlobalSection(NestedProjects) = preSolution
		{95F31123-9387-4003-A464-3881D5E1940A} = {A679CB16-0C2B-4124-B435-F7308E8068DB}
	EndGlobalSection
EndGlobal
